
Microsoft Visual Studio Solution File, Format Version 12.00
# Visual Studio Version 17
VisualStudioVersion = 17.5.002.0
MinimumVisualStudioVersion = 10.0.40219.1
Project("{2150E333-8FDC-42A3-9474-1A3956D46DE8}") = "week11", "week11", "{F3C0FF44-283B-4D1D-A57F-D6C1E94BA836}"
EndProject
Project("{9A19103F-16F7-4668-BE54-9A1E7A4F7556}") = "team11-1", "week11\team\team11-1.csproj", "{F4E529B7-F395-411F-88C1-2014E231EE01}"
EndProject
Global
	GlobalSection(SolutionConfigurationPlatforms) = preSolution
		Debug|Any CPU = Debug|Any CPU
		Release|Any CPU = Release|Any CPU
	EndGlobalSection
	GlobalSection(ProjectConfigurationPlatforms) = postSolution
		{F4E529B7-F395-411F-88C1-2014E231EE01}.Debug|Any CPU.ActiveCfg = Debug|Any CPU
		{F4E529B7-F395-411F-88C1-2014E231EE01}.Debug|Any CPU.Build.0 = Debug|Any CPU
		{F4E529B7-F395-411F-88C1-2014E231EE01}.Release|Any CPU.ActiveCfg = Release|Any CPU
		{F4E529B7-F395-411F-88C1-2014E231EE01}.Release|Any CPU.Build.0 = Release|Any CPU
	EndGlobalSection
	GlobalSection(SolutionProperties) = preSolution
		HideSolutionNode = FALSE
	EndGlobalSection
	GlobalSection(NestedProjects) = preSolution
		{F4E529B7-F395-411F-88C1-2014E231EE01} = {F3C0FF44-283B-4D1D-A57F-D6C1E94BA836}
	EndGlobalSection
	GlobalSection(ExtensibilityGlobals) = postSolution
		SolutionGuid = {87B5439E-7FEA-47EE-83D0-CD8F28E78243}
	EndGlobalSection
EndGlobal
